
Microsoft Visual Studio Solution File, Format Version 12.00
# Visual Studio Version 17
VisualStudioVersion = 17.5.002.0
MinimumVisualStudioVersion = 10.0.40219.1
Project("{9A19103F-16F7-4668-BE54-9A1E7A4F7556}") = "RecordingsTracker", "RecordingsTracker\RecordingsTracker.csproj", "{D0BDE979-F11A-4EFD-AAC6-AF050911AF8F}"
EndProject
Project("{FAE04EC0-301F-11D3-BF4B-00C04F79EFBC}") = "NotifierBot", "NotifierBot\NotifierBot.csproj", "{51D7E3DE-3744-4944-B801-8A0B8986DE14}"
EndProject
Project("{FAE04EC0-301F-11D3-BF4B-00C04F79EFBC}") = "Core", "Core\Core.csproj", "{CDFED3D3-B1FF-46BE-8D91-07B01D95FECE}"
EndProject
Global
	GlobalSection(SolutionConfigurationPlatforms) = preSolution
		Debug|Any CPU = Debug|Any CPU
		Release|Any CPU = Release|Any CPU
	EndGlobalSection
	GlobalSection(ProjectConfigurationPlatforms) = postSolution
		{D0BDE979-F11A-4EFD-AAC6-AF050911AF8F}.Debug|Any CPU.ActiveCfg = Debug|Any CPU
		{D0BDE979-F11A-4EFD-AAC6-AF050911AF8F}.Debug|Any CPU.Build.0 = Debug|Any CPU
		{D0BDE979-F11A-4EFD-AAC6-AF050911AF8F}.Release|Any CPU.ActiveCfg = Release|Any CPU
		{D0BDE979-F11A-4EFD-AAC6-AF050911AF8F}.Release|Any CPU.Build.0 = Release|Any CPU
		{51D7E3DE-3744-4944-B801-8A0B8986DE14}.Debug|Any CPU.ActiveCfg = Debug|Any CPU
		{51D7E3DE-3744-4944-B801-8A0B8986DE14}.Debug|Any CPU.Build.0 = Debug|Any CPU
		{51D7E3DE-3744-4944-B801-8A0B8986DE14}.Release|Any CPU.ActiveCfg = Release|Any CPU
		{51D7E3DE-3744-4944-B801-8A0B8986DE14}.Release|Any CPU.Build.0 = Release|Any CPU
		{CDFED3D3-B1FF-46BE-8D91-07B01D95FECE}.Debug|Any CPU.ActiveCfg = Debug|Any CPU
		{CDFED3D3-B1FF-46BE-8D91-07B01D95FECE}.Debug|Any CPU.Build.0 = Debug|Any CPU
		{CDFED3D3-B1FF-46BE-8D91-07B01D95FECE}.Release|Any CPU.ActiveCfg = Release|Any CPU
		{CDFED3D3-B1FF-46BE-8D91-07B01D95FECE}.Release|Any CPU.Build.0 = Release|Any CPU
	EndGlobalSection
	GlobalSection(SolutionProperties) = preSolution
		HideSolutionNode = FALSE
	EndGlobalSection
	GlobalSection(ExtensibilityGlobals) = postSolution
		SolutionGuid = {3F73DCF8-3E3E-4A99-97A3-1CCB02B48DF7}
	EndGlobalSection
EndGlobal
